
Microsoft Visual Studio Solution File, Format Version 12.00
# Visual Studio Version 17
VisualStudioVersion = 17.10.34818.151
MinimumVisualStudioVersion = 10.0.40219.1
Project("{FAE04EC0-301F-11D3-BF4B-00C04F79EFBC}") = "image-analysis", "image-analysis.csproj", "{42CE2406-7F9A-4ED2-939F-7C7D6A8285F2}"
EndProject
Global
	GlobalSection(SolutionConfigurationPlatforms) = preSolution
		Debug|Any CPU = Debug|Any CPU
		Release|Any CPU = Release|Any CPU
	EndGlobalSection
	GlobalSection(ProjectConfigurationPlatforms) = postSolution
		{42CE2406-7F9A-4ED2-939F-7C7D6A8285F2}.Debug|Any CPU.ActiveCfg = Debug|Any CPU
		{42CE2406-7F9A-4ED2-939F-7C7D6A8285F2}.Debug|Any CPU.Build.0 = Debug|Any CPU
		{42CE2406-7F9A-4ED2-939F-7C7D6A8285F2}.Release|Any CPU.ActiveCfg = Release|Any CPU
		{42CE2406-7F9A-4ED2-939F-7C7D6A8285F2}.Release|Any CPU.Build.0 = Release|Any CPU
	EndGlobalSection
	GlobalSection(SolutionProperties) = preSolution
		HideSolutionNode = FALSE
	EndGlobalSection
	GlobalSection(ExtensibilityGlobals) = postSolution
		SolutionGuid = {2950569D-EE3D-4015-88BA-97255FE60D6F}
	EndGlobalSection
EndGlobal
