
Microsoft Visual Studio Solution File, Format Version 12.00
# Visual Studio Version 17
VisualStudioVersion = 17.10.34818.151
MinimumVisualStudioVersion = 10.0.40219.1
Project("{9A19103F-16F7-4668-BE54-9A1E7A4F7556}") = "imageanalysis", "imageanalysis.csproj", "{183B6CDB-82B6-4D08-889B-66ECB6492793}"
EndProject
Global
	GlobalSection(SolutionConfigurationPlatforms) = preSolution
		Debug|Any CPU = Debug|Any CPU
		Release|Any CPU = Release|Any CPU
	EndGlobalSection
	GlobalSection(ProjectConfigurationPlatforms) = postSolution
		{183B6CDB-82B6-4D08-889B-66ECB6492793}.Debug|Any CPU.ActiveCfg = Debug|Any CPU
		{183B6CDB-82B6-4D08-889B-66ECB6492793}.Debug|Any CPU.Build.0 = Debug|Any CPU
		{183B6CDB-82B6-4D08-889B-66ECB6492793}.Release|Any CPU.ActiveCfg = Release|Any CPU
		{183B6CDB-82B6-4D08-889B-66ECB6492793}.Release|Any CPU.Build.0 = Release|Any CPU
	EndGlobalSection
	GlobalSection(SolutionProperties) = preSolution
		HideSolutionNode = FALSE
	EndGlobalSection
	GlobalSection(ExtensibilityGlobals) = postSolution
		SolutionGuid = {2950569D-EE3D-4015-88BA-97255FE60D6F}
	EndGlobalSection
EndGlobal
